
Microsoft Visual Studio Solution File, Format Version 12.00
# Visual Studio Version 16
VisualStudioVersion = 16.0.29424.173
MinimumVisualStudioVersion = 10.0.40219.1
Project("{FAE04EC0-301F-11D3-BF4B-00C04F79EFBC}") = "Lab2Assignment_WPF", "Lab2Assignment_WPF\Lab2Assignment_WPF.csproj", "{93028B1E-56B7-4D83-9D9E-FD43BACDFC85}"
EndProject
Project("{FAE04EC0-301F-11D3-BF4B-00C04F79EFBC}") = "Lab2Assignment_WPF_Client", "Lab2Assignment_WPF_Client\Lab2Assignment_WPF_Client.csproj", "{77E28109-E20C-4899-9137-A9E7054CB1D0}"
EndProject
Project("{FAE04EC0-301F-11D3-BF4B-00C04F79EFBC}") = "Lab2Assignment_WPF_UserControl", "Lab2Assignment_WPF_UserControl\Lab2Assignment_WPF_UserControl.csproj", "{C58B91B7-594F-4E59-8C03-998AFE71985A}"
EndProject
Global
	GlobalSection(SolutionConfigurationPlatforms) = preSolution
		Debug|Any CPU = Debug|Any CPU
		Release|Any CPU = Release|Any CPU
	EndGlobalSection
	GlobalSection(ProjectConfigurationPlatforms) = postSolution
		{93028B1E-56B7-4D83-9D9E-FD43BACDFC85}.Debug|Any CPU.ActiveCfg = Debug|Any CPU
		{93028B1E-56B7-4D83-9D9E-FD43BACDFC85}.Debug|Any CPU.Build.0 = Debug|Any CPU
		{93028B1E-56B7-4D83-9D9E-FD43BACDFC85}.Release|Any CPU.ActiveCfg = Release|Any CPU
		{93028B1E-56B7-4D83-9D9E-FD43BACDFC85}.Release|Any CPU.Build.0 = Release|Any CPU
		{77E28109-E20C-4899-9137-A9E7054CB1D0}.Debug|Any CPU.ActiveCfg = Debug|Any CPU
		{77E28109-E20C-4899-9137-A9E7054CB1D0}.Debug|Any CPU.Build.0 = Debug|Any CPU
		{77E28109-E20C-4899-9137-A9E7054CB1D0}.Release|Any CPU.ActiveCfg = Release|Any CPU
		{77E28109-E20C-4899-9137-A9E7054CB1D0}.Release|Any CPU.Build.0 = Release|Any CPU
		{C58B91B7-594F-4E59-8C03-998AFE71985A}.Debug|Any CPU.ActiveCfg = Debug|Any CPU
		{C58B91B7-594F-4E59-8C03-998AFE71985A}.Debug|Any CPU.Build.0 = Debug|Any CPU
		{C58B91B7-594F-4E59-8C03-998AFE71985A}.Release|Any CPU.ActiveCfg = Release|Any CPU
		{C58B91B7-594F-4E59-8C03-998AFE71985A}.Release|Any CPU.Build.0 = Release|Any CPU
	EndGlobalSection
	GlobalSection(SolutionProperties) = preSolution
		HideSolutionNode = FALSE
	EndGlobalSection
	GlobalSection(ExtensibilityGlobals) = postSolution
		SolutionGuid = {D1069B31-9F8C-4B4A-B0C2-16979E323A83}
	EndGlobalSection
EndGlobal
